{
  "version": 4,
  "terraform_version": "1.13.3",
  "serial": 7,
  "lineage": "907aefe5-78ac-9a95-17c7-43f3ab716339",
  "outputs": {
    "dynamodb_table_arn": {
      "value": "arn:aws:dynamodb:us-east-1:000000000000:table/user-data-table",
      "type": "string"
    },
    "dynamodb_table_name": {
      "value": "user-data-table",
      "type": "string"
    },
    "lambda_function_name": {
      "value": "terraform-demo-function",
      "type": "string"
    }
  },
  "resources": [
    {
      "mode": "data",
      "type": "archive_file",
      "name": "lambda_zip",
      "provider": "provider[\"registry.terraform.io/hashicorp/archive\"]",
      "instances": [
        {
          "schema_version": 0,
          "attributes": {
            "exclude_symlink_directories": null,
            "excludes": null,
            "id": "51bec10f9bd051956622551cd21a521e30c81a7c",
            "output_base64sha256": "xJLnw0K+JKr8qU06ZgxoVv6A8JGaLAm0dtLwPghoIgo=",
            "output_base64sha512": "UfGiY6ipA95nIbpL2QWIrtWR3GZJsAP2bckQ8a5g7x/+hK5wZvpr3fzkw6MJGQ/anWx38/l+8iKNDZJzZt6kgw==",
            "output_file_mode": null,
            "output_md5": "02d966acc78629e33fc571a8eb135bf1",
            "output_path": "lambda.zip",
            "output_sha": "51bec10f9bd051956622551cd21a521e30c81a7c",
            "output_sha256": "c492e7c342be24aafca94d3a660c6856fe80f0919a2c09b476d2f03e0868220a",
            "output_sha512": "51f1a263a8a903de6721ba4bd90588aed591dc6649b003f66dc910f1ae60ef1ffe84ae7066fa6bddfce4c3a309190fda9d6c77f3f97ef2228d0d927366dea483",
            "output_size": 827,
            "source": [
              {
                "content": "import json\nimport boto3\nimport os\n\ndef handler(event, context):\n    \"\"\"\n    Simple Lambda function that demonstrates:\n    - DynamoDB interaction\n    - S3 interaction \n    - Environment variables\n    \"\"\"\n\n    # Initialize AWS clients (will use LocalStack endpoints)\n    dynamodb = boto3.resource('dynamodb')\n    s3 = boto3.client('s3')\n\n    # Get table and bucket names from environment\n    table_name = os.environ.get('DYNAMODB_TABLE', 'user-data-table')\n    bucket_name = os.environ.get('S3_BUCKET')\n\n    try:\n        # Test DynamoDB connection\n        table = dynamodb.Table(table_name)\n\n        # Test S3 connection\n        s3_response = s3.list_objects_v2(Bucket=bucket_name, MaxKeys=1)\n\n        response_body = {\n            'message': 'Hello from Terraform + LocalStack!',\n            'environment': os.environ.get('ENVIRONMENT', 'development'),\n            'dynamodb_table': table_name,\n            's3_bucket': bucket_name,\n            'lambda_version': context.function_version if context else 'local',\n            'status': 'success'\n        }\n\n        return {\n            'statusCode': 200,\n            'headers': {\n                'Content-Type': 'application/json',\n                'Access-Control-Allow-Origin': '*'\n            },\n            'body': json.dumps(response_body, indent=2)\n        }\n\n    except Exception as e:\n        return {\n            'statusCode': 500,\n            'headers': {\n                'Content-Type': 'application/json',\n                'Access-Control-Allow-Origin': '*'\n            },\n            'body': json.dumps({\n                'message': 'Error occurred',\n                'error': str(e),\n                'status': 'error'\n            })\n        }\n",
                "filename": "lambda_function.py"
              }
            ],
            "source_content": null,
            "source_content_filename": null,
            "source_dir": null,
            "source_file": null,
            "type": "zip"
          },
          "sensitive_attributes": [],
          "identity_schema_version": 0
        }
      ]
    },
    {
      "mode": "managed",
      "type": "aws_dynamodb_table",
      "name": "user_data",
      "provider": "provider[\"registry.terraform.io/hashicorp/aws\"]",
      "instances": [
        {
          "schema_version": 1,
          "attributes": {
            "arn": "arn:aws:dynamodb:us-east-1:000000000000:table/user-data-table",
            "attribute": [
              {
                "name": "user_id",
                "type": "S"
              }
            ],
            "billing_mode": "PAY_PER_REQUEST",
            "deletion_protection_enabled": false,
            "global_secondary_index": [],
            "hash_key": "user_id",
            "id": "user-data-table",
            "import_table": [],
            "local_secondary_index": [],
            "name": "user-data-table",
            "on_demand_throughput": [],
            "point_in_time_recovery": [
              {
                "enabled": false,
                "recovery_period_in_days": 0
              }
            ],
            "range_key": null,
            "read_capacity": 0,
            "replica": [],
            "restore_date_time": null,
            "restore_source_name": null,
            "restore_source_table_arn": null,
            "restore_to_latest_time": null,
            "server_side_encryption": [],
            "stream_arn": "",
            "stream_enabled": false,
            "stream_label": "",
            "stream_view_type": "",
            "table_class": "STANDARD",
            "tags": {
              "Environment": "development",
              "ManagedBy": "Terraform",
              "Name": "UserDataTable"
            },
            "tags_all": {
              "Environment": "development",
              "ManagedBy": "Terraform",
              "Name": "UserDataTable"
            },
            "timeouts": null,
            "ttl": [
              {
                "attribute_name": "",
                "enabled": false
              }
            ],
            "write_capacity": 0
          },
          "sensitive_attributes": [],
          "identity_schema_version": 0,
          "private": "eyJlMmJmYjczMC1lY2FhLTExZTYtOGY4OC0zNDM2M2JjN2M0YzAiOnsiY3JlYXRlIjoxODAwMDAwMDAwMDAwLCJkZWxldGUiOjYwMDAwMDAwMDAwMCwidXBkYXRlIjozNjAwMDAwMDAwMDAwfSwic2NoZW1hX3ZlcnNpb24iOiIxIn0="
        }
      ]
    },
    {
      "mode": "managed",
      "type": "aws_dynamodb_table_item",
      "name": "sample_user_1",
      "provider": "provider[\"registry.terraform.io/hashicorp/aws\"]",
      "instances": [
        {
          "schema_version": 0,
          "attributes": {
            "hash_key": "user_id",
            "id": "user-data-table|user_id|user-001",
            "item": "{\n  \"user_id\": {\"S\": \"user-001\"},\n  \"name\": {\"S\": \"John Doe\"},\n  \"email\": {\"S\": \"john.doe@example.com\"},\n  \"created_at\": {\"S\": \"2024-01-15T10:30:00Z\"},\n  \"status\": {\"S\": \"active\"}\n}\n",
            "range_key": null,
            "table_name": "user-data-table"
          },
          "sensitive_attributes": [],
          "identity_schema_version": 0,
          "private": "bnVsbA==",
          "dependencies": [
            "aws_dynamodb_table.user_data"
          ]
        }
      ]
    },
    {
      "mode": "managed",
      "type": "aws_dynamodb_table_item",
      "name": "sample_user_2",
      "provider": "provider[\"registry.terraform.io/hashicorp/aws\"]",
      "instances": [
        {
          "schema_version": 0,
          "attributes": {
            "hash_key": "user_id",
            "id": "user-data-table|user_id|user-002",
            "item": "{\n  \"user_id\": {\"S\": \"user-002\"},\n  \"name\": {\"S\": \"Jane Smith\"},\n  \"email\": {\"S\": \"jane.smith@example.com\"},\n  \"created_at\": {\"S\": \"2024-01-16T14:22:00Z\"},\n  \"status\": {\"S\": \"active\"}\n}\n",
            "range_key": null,
            "table_name": "user-data-table"
          },
          "sensitive_attributes": [],
          "identity_schema_version": 0,
          "private": "bnVsbA==",
          "dependencies": [
            "aws_dynamodb_table.user_data"
          ]
        }
      ]
    },
    {
      "mode": "managed",
      "type": "aws_iam_role",
      "name": "lambda_role",
      "provider": "provider[\"registry.terraform.io/hashicorp/aws\"]",
      "instances": [
        {
          "schema_version": 0,
          "attributes": {
            "arn": "arn:aws:iam::000000000000:role/terraform-lambda-role",
            "assume_role_policy": "{\"Statement\":[{\"Action\":\"sts:AssumeRole\",\"Effect\":\"Allow\",\"Principal\":{\"Service\":\"lambda.amazonaws.com\"}}],\"Version\":\"2012-10-17\"}",
            "create_date": "2025-09-24T03:35:44Z",
            "description": "",
            "force_detach_policies": false,
            "id": "terraform-lambda-role",
            "inline_policy": [],
            "managed_policy_arns": [],
            "max_session_duration": 3600,
            "name": "terraform-lambda-role",
            "name_prefix": "",
            "path": "/",
            "permissions_boundary": "",
            "tags": null,
            "tags_all": {},
            "unique_id": "AROAQAAAAAAAKFSLT5OZE"
          },
          "sensitive_attributes": [],
          "identity_schema_version": 0,
          "private": "bnVsbA=="
        }
      ]
    },
    {
      "mode": "managed",
      "type": "random_string",
      "name": "bucket_suffix",
      "provider": "provider[\"registry.terraform.io/hashicorp/random\"]",
      "instances": [
        {
          "schema_version": 2,
          "attributes": {
            "id": "mrw4e2vk",
            "keepers": null,
            "length": 8,
            "lower": true,
            "min_lower": 0,
            "min_numeric": 0,
            "min_special": 0,
            "min_upper": 0,
            "number": true,
            "numeric": true,
            "override_special": null,
            "result": "mrw4e2vk",
            "special": false,
            "upper": false
          },
          "sensitive_attributes": [],
          "identity_schema_version": 0
        }
      ]
    }
  ],
  "check_results": [
    {
      "object_kind": "var",
      "config_addr": "var.environment",
      "status": "pass",
      "objects": [
        {
          "object_addr": "var.environment",
          "status": "pass"
        }
      ]
    }
  ]
}
